
Microsoft Visual Studio Solution File, Format Version 12.00
# Visual Studio Version 17
VisualStudioVersion = 17.14.36811.4 d17.14
MinimumVisualStudioVersion = 10.0.40219.1
Project("{FAE04EC0-301F-11D3-BF4B-00C04F79EFBC}") = "LINQ", "LINQ.csproj", "{90C4CA76-6AF0-483E-A25D-1E1A47A2C878}"
EndProject
Global
	GlobalSection(SolutionConfigurationPlatforms) = preSolution
		Debug|Any CPU = Debug|Any CPU
		Release|Any CPU = Release|Any CPU
	EndGlobalSection
	GlobalSection(ProjectConfigurationPlatforms) = postSolution
		{90C4CA76-6AF0-483E-A25D-1E1A47A2C878}.Debug|Any CPU.ActiveCfg = Debug|Any CPU
		{90C4CA76-6AF0-483E-A25D-1E1A47A2C878}.Debug|Any CPU.Build.0 = Debug|Any CPU
		{90C4CA76-6AF0-483E-A25D-1E1A47A2C878}.Release|Any CPU.ActiveCfg = Release|Any CPU
		{90C4CA76-6AF0-483E-A25D-1E1A47A2C878}.Release|Any CPU.Build.0 = Release|Any CPU
	EndGlobalSection
	GlobalSection(SolutionProperties) = preSolution
		HideSolutionNode = FALSE
	EndGlobalSection
	GlobalSection(ExtensibilityGlobals) = postSolution
		SolutionGuid = {E0B93F63-A060-460A-94DF-E98D0C44ECB6}
	EndGlobalSection
EndGlobal
